
Microsoft Visual Studio Solution File, Format Version 12.00
# Visual Studio Version 16
VisualStudioVersion = 16.0.30204.135
MinimumVisualStudioVersion = 10.0.40219.1
Project("{FAE04EC0-301F-11D3-BF4B-00C04F79EFBC}") = "calculatorproject", "calculatorproject.csproj", "{25246C36-B760-4440-8917-FFB3AB7FAD3E}"
EndProject
Global
	GlobalSection(SolutionConfigurationPlatforms) = preSolution
		Debug|Any CPU = Debug|Any CPU
		Release|Any CPU = Release|Any CPU
	EndGlobalSection
	GlobalSection(ProjectConfigurationPlatforms) = postSolution
		{25246C36-B760-4440-8917-FFB3AB7FAD3E}.Debug|Any CPU.ActiveCfg = Debug|Any CPU
		{25246C36-B760-4440-8917-FFB3AB7FAD3E}.Debug|Any CPU.Build.0 = Debug|Any CPU
		{25246C36-B760-4440-8917-FFB3AB7FAD3E}.Release|Any CPU.ActiveCfg = Release|Any CPU
		{25246C36-B760-4440-8917-FFB3AB7FAD3E}.Release|Any CPU.Build.0 = Release|Any CPU
	EndGlobalSection
	GlobalSection(SolutionProperties) = preSolution
		HideSolutionNode = FALSE
	EndGlobalSection
	GlobalSection(ExtensibilityGlobals) = postSolution
		SolutionGuid = {81B8B6EE-A66D-46BF-9495-ED8BAA4B3277}
	EndGlobalSection
EndGlobal
